github.com/golang/glog v0.0.0-20160126235308-23def4e6c14b h1:VKtxabqXZkF25pY9ekfRL6a582T4P37/31XEstQ5p58=
github.com/golang/glog v0.0.0-20160126235308-23def4e6c14b/go.mod h1:SBH7ygxi8pfUlaOkMMuAQtPIUF8ecWP5IEl/CR7VP2Q=
github.com/timpalpant/go-cfr v0.0.0-20190221013703-7d56f7437f3e h1:ftsXs4bizpinIlroZ7sgjCyGNFflpbgjTNaedTdJv6Q=
github.com/timpalpant/go-cfr v0.0.0-20190221013703-7d56f7437f3e/go.mod h1:TtSkX61nbqNtjyZewdbE6OzS/jeUaWdOmDbKt8vAock=
